
Microsoft Visual Studio Solution File, Format Version 12.00
# Visual Studio Version 16
VisualStudioVersion = 16.0.31424.327
MinimumVisualStudioVersion = 10.0.40219.1
Project("{9A19103F-16F7-4668-BE54-9A1E7A4F7556}") = "Inheritance", "Inheritance.csproj", "{B541A269-D7DD-4295-B551-D1D08707E806}"
EndProject
Global
	GlobalSection(SolutionConfigurationPlatforms) = preSolution
		Debug|Any CPU = Debug|Any CPU
		Release|Any CPU = Release|Any CPU
	EndGlobalSection
	GlobalSection(ProjectConfigurationPlatforms) = postSolution
		{B541A269-D7DD-4295-B551-D1D08707E806}.Debug|Any CPU.ActiveCfg = Debug|Any CPU
		{B541A269-D7DD-4295-B551-D1D08707E806}.Debug|Any CPU.Build.0 = Debug|Any CPU
		{B541A269-D7DD-4295-B551-D1D08707E806}.Release|Any CPU.ActiveCfg = Release|Any CPU
		{B541A269-D7DD-4295-B551-D1D08707E806}.Release|Any CPU.Build.0 = Release|Any CPU
	EndGlobalSection
	GlobalSection(SolutionProperties) = preSolution
		HideSolutionNode = FALSE
	EndGlobalSection
	GlobalSection(ExtensibilityGlobals) = postSolution
		SolutionGuid = {5104B9E1-54D7-4EC2-AE99-4043E91EBA06}
	EndGlobalSection
EndGlobal
